
Microsoft Visual Studio Solution File, Format Version 12.00
# Visual Studio Version 16
VisualStudioVersion = 16.0.31729.503
MinimumVisualStudioVersion = 10.0.40219.1
Project("{FAE04EC0-301F-11D3-BF4B-00C04F79EFBC}") = "Abstraction-V-I-S", "Abstraction-V-I-S\Abstraction-V-I-S.csproj", "{7D1E6F70-B00F-4A4F-B879-E3B780E92F5F}"
EndProject
Global
	GlobalSection(SolutionConfigurationPlatforms) = preSolution
		Debug|Any CPU = Debug|Any CPU
		Release|Any CPU = Release|Any CPU
	EndGlobalSection
	GlobalSection(ProjectConfigurationPlatforms) = postSolution
		{7D1E6F70-B00F-4A4F-B879-E3B780E92F5F}.Debug|Any CPU.ActiveCfg = Debug|Any CPU
		{7D1E6F70-B00F-4A4F-B879-E3B780E92F5F}.Debug|Any CPU.Build.0 = Debug|Any CPU
		{7D1E6F70-B00F-4A4F-B879-E3B780E92F5F}.Release|Any CPU.ActiveCfg = Release|Any CPU
		{7D1E6F70-B00F-4A4F-B879-E3B780E92F5F}.Release|Any CPU.Build.0 = Release|Any CPU
	EndGlobalSection
	GlobalSection(SolutionProperties) = preSolution
		HideSolutionNode = FALSE
	EndGlobalSection
	GlobalSection(ExtensibilityGlobals) = postSolution
		SolutionGuid = {AE743A3F-5285-4B16-AFDD-48033FA50B14}
	EndGlobalSection
EndGlobal
